// !$*UTF8*$!
{
	archiveVersion = 1;
	classes = {
	};
	objectVersion = 50;
	objects = {

/* Begin PBXBuildFile section */
		D0BFDE09248C1FEA001CACD0 /* AppDelegate.swift in Sources */ = {isa = PBXBuildFile; fileRef = D0BFDE08248C1FEA001CACD0 /* AppDelegate.swift */; };
		D0BFDE0B248C1FEA001CACD0 /* FirstVC.swift in Sources */ = {isa = PBXBuildFile; fileRef = D0BFDE0A248C1FEA001CACD0 /* FirstVC.swift */; };
		D0BFDE0E248C1FEA001CACD0 /* Main.storyboard in Resources */ = {isa = PBXBuildFile; fileRef = D0BFDE0C248C1FEA001CACD0 /* Main.storyboard */; };
		D0BFDE10248C1FFB001CACD0 /* Assets.xcassets in Resources */ = {isa = PBXBuildFile; fileRef = D0BFDE0F248C1FFB001CACD0 /* Assets.xcassets */; };
		D0BFDE13248C1FFB001CACD0 /* LaunchScreen.storyboard in Resources */ = {isa = PBXBuildFile; fileRef = D0BFDE11248C1FFB001CACD0 /* LaunchScreen.storyboard */; };
		D0BFDE1B248C21B6001CACD0 /* MiddleVC.swift in Sources */ = {isa = PBXBuildFile; fileRef = D0BFDE1A248C21B6001CACD0 /* MiddleVC.swift */; };
		D0BFDE1D248C21DE001CACD0 /* LastVC.swift in Sources */ = {isa = PBXBuildFile; fileRef = D0BFDE1C248C21DE001CACD0 /* LastVC.swift */; };
/* End PBXBuildFile section */

/* Begin PBXFileReference section */
		D0BFDE05248C1FEA001CACD0 /* Order of Events.app */ = {isa = PBXFileReference; explicitFileType = wrapper.application; includeInIndex = 0; path = "Order of Events.app"; sourceTree = BUILT_PRODUCTS_DIR; };
		D0BFDE08248C1FEA001CACD0 /* AppDelegate.swift */ = {isa = PBXFileReference; lastKnownFileType = sourcecode.swift; path = AppDelegate.swift; sourceTree = "<group>"; };
		D0BFDE0A248C1FEA001CACD0 /* FirstVC.swift */ = {isa = PBXFileReference; lastKnownFileType = sourcecode.swift; path = FirstVC.swift; sourceTree = "<group>"; };
		D0BFDE0D248C1FEA001CACD0 /* Base */ = {isa = PBXFileReference; lastKnownFileType = file.storyboard; name = Base; path = Base.lproj/Main.storyboard; sourceTree = "<group>"; };
		D0BFDE0F248C1FFB001CACD0 /* Assets.xcassets */ = {isa = PBXFileReference; lastKnownFileType = folder.assetcatalog; path = Assets.xcassets; sourceTree = "<group>"; };
		D0BFDE12248C1FFB001CACD0 /* Base */ = {isa = PBXFileReference; lastKnownFileType = file.storyboard; name = Base; path = Base.lproj/LaunchScreen.storyboard; sourceTree = "<group>"; };
		D0BFDE14248C1FFB001CACD0 /* Info.plist */ = {isa = PBXFileReference; lastKnownFileType = text.plist.xml; path = Info.plist; sourceTree = "<group>"; };
		D0BFDE1A248C21B6001CACD0 /* MiddleVC.swift */ = {isa = PBXFileReference; lastKnownFileType = sourcecode.swift; path = MiddleVC.swift; sourceTree = "<group>"; };
		D0BFDE1C248C21DE001CACD0 /* LastVC.swift */ = {isa = PBXFileReference; lastKnownFileType = sourcecode.swift; path = LastVC.swift; sourceTree = "<group>"; };
/* End PBXFileReference section */

/* Begin PBXFrameworksBuildPhase section */
		D0BFDE02248C1FEA001CACD0 /* Frameworks */ = {
			isa = PBXFrameworksBuildPhase;
			buildActionMask = 2147483647;
			files = (
			);
			runOnlyForDeploymentPostprocessing = 0;
		};
/* End PBXFrameworksBuildPhase section */

/* Begin PBXGroup section */
		D0BFDDFC248C1FEA001CACD0 = {
			isa = PBXGroup;
			children = (
				D0BFDE07248C1FEA001CACD0 /* Order of Events */,
				D0BFDE06248C1FEA001CACD0 /* Products */,
			);
			sourceTree = "<group>";
		};
		D0BFDE06248C1FEA001CACD0 /* Products */ = {
			isa = PBXGroup;
			children = (
				D0BFDE05248C1FEA001CACD0 /* Order of Events.app */,
			);
			name = Products;
			sourceTree = "<group>";
		};
		D0BFDE07248C1FEA001CACD0 /* Order of Events */ = {
			isa = PBXGroup;
			children = (
				D0BFDE08248C1FEA001CACD0 /* AppDelegate.swift */,
				D0BFDE0A248C1FEA001CACD0 /* FirstVC.swift */,
				D0BFDE1A248C21B6001CACD0 /* MiddleVC.swift */,
				D0BFDE1C248C21DE001CACD0 /* LastVC.swift */,
				D0BFDE0C248C1FEA001CACD0 /* Main.storyboard */,
				D0BFDE0F248C1FFB001CACD0 /* Assets.xcassets */,
				D0BFDE11248C1FFB001CACD0 /* LaunchScreen.storyboard */,
				D0BFDE14248C1FFB001CACD0 /* Info.plist */,
			);
			path = "Order of Events";
			sourceTree = "<group>";
		};
/* End PBXGroup section */

/* Begin PBXNativeTarget section */
		D0BFDE04248C1FEA001CACD0 /* Order of Events */ = {
			isa = PBXNativeTarget;
			buildConfigurationList = D0BFDE17248C1FFB001CACD0 /* Build configuration list for PBXNativeTarget "Order of Events" */;
			buildPhases = (
				D0BFDE01248C1FEA001CACD0 /* Sources */,
				D0BFDE02248C1FEA001CACD0 /* Frameworks */,
				D0BFDE03248C1FEA001CACD0 /* Resources */,
			);
			buildRules = (
			);
			dependencies = (
			);
			name = "Order of Events";
			productName = "Order of Events";
			productReference = D0BFDE05248C1FEA001CACD0 /* Order of Events.app */;
			productType = "com.apple.product-type.application";
		};
/* End PBXNativeTarget section */

/* Begin PBXProject section */
		D0BFDDFD248C1FEA001CACD0 /* Project object */ = {
			isa = PBXProject;
			attributes = {
				LastSwiftUpdateCheck = 1030;
				LastUpgradeCheck = 1030;
				ORGANIZATIONNAME = PretendCo;
				TargetAttributes = {
					D0BFDE04248C1FEA001CACD0 = {
						CreatedOnToolsVersion = 10.3;
					};
				};
			};
			buildConfigurationList = D0BFDE00248C1FEA001CACD0 /* Build configuration list for PBXProject "Order of Events" */;
			compatibilityVersion = "Xcode 9.3";
			developmentRegion = en;
			hasScannedForEncodings = 0;
			knownRegions = (
				en,
				Base,
			);
			mainGroup = D0BFDDFC248C1FEA001CACD0;
			productRefGroup = D0BFDE06248C1FEA001CACD0 /* Products */;
			projectDirPath = "";
			projectRoot = "";
			targets = (
				D0BFDE04248C1FEA001CACD0 /* Order of Events */,
			);
		};
/* End PBXProject section */

/* Begin PBXResourcesBuildPhase section */
		D0BFDE03248C1FEA001CACD0 /* Resources */ = {
			isa = PBXResourcesBuildPhase;
			buildActionMask = 2147483647;
			files = (
				D0BFDE13248C1FFB001CACD0 /* LaunchScreen.storyboard in Resources */,
				D0BFDE10248C1FFB001CACD0 /* Assets.xcassets in Resources */,
				D0BFDE0E248C1FEA001CACD0 /* Main.storyboard in Resources */,
			);
			runOnlyForDeploymentPostprocessing = 0;
		};
/* End PBXResourcesBuildPhase section */

/* Begin PBXSourcesBuildPhase section */
		D0BFDE01248C1FEA001CACD0 /* Sources */ = {
			isa = PBXSourcesBuildPhase;
			buildActionMask = 2147483647;
			files = (
				D0BFDE1D248C21DE001CACD0 /* LastVC.swift in Sources */,
				D0BFDE0B248C1FEA001CACD0 /* FirstVC.swift in Sources */,
				D0BFDE1B248C21B6001CACD0 /* MiddleVC.swift in Sources */,
				D0BFDE09248C1FEA001CACD0 /* AppDelegate.swift in Sources */,
			);
			runOnlyForDeploymentPostprocessing = 0;
		};
/* End PBXSourcesBuildPhase section */

/* Begin PBXVariantGroup section */
		D0BFDE0C248C1FEA001CACD0 /* Main.storyboard */ = {
			isa = PBXVariantGroup;
			children = (
				D0BFDE0D248C1FEA001CACD0 /* Base */,
			);
			name = Main.storyboard;
			sourceTree = "<group>";
		};
		D0BFDE11248C1FFB001CACD0 /* LaunchScreen.storyboard */ = {
			isa = PBXVariantGroup;
			children = (
				D0BFDE12248C1FFB001CACD0 /* Base */,
			);
			name = LaunchScreen.storyboard;
			sourceTree = "<group>";
		};
/* End PBXVariantGroup section */

/* Begin XCBuildConfiguration section */
		D0BFDE15248C1FFB001CACD0 /* Debug */ = {
			isa = XCBuildConfiguration;
			buildSettings = {
				ALWAYS_SEARCH_USER_PATHS = NO;
				CLANG_ANALYZER_NONNULL = YES;
				CLANG_ANALYZER_NUMBER_OBJECT_CONVERSION = YES_AGGRESSIVE;
				CLANG_CXX_LANGUAGE_STANDARD = "gnu++14";
				CLANG_CXX_LIBRARY = "libc++";
				CLANG_ENABLE_MODULES = YES;
				CLANG_ENABLE_OBJC_ARC = YES;
				CLANG_ENABLE_OBJC_WEAK = YES;
				CLANG_WARN_BLOCK_CAPTURE_AUTORELEASING = YES;
				CLANG_WARN_BOOL_CONVERSION = YES;
				CLANG_WARN_COMMA = YES;
				CLANG_WARN_CONSTANT_CONVERSION = YES;
				CLANG_WARN_DEPRECATED_OBJC_IMPLEMENTATIONS = YES;
				CLANG_WARN_DIRECT_OBJC_ISA_USAGE = YES_ERROR;
				CLANG_WARN_DOCUMENTATION_COMMENTS = YES;
				CLANG_WARN_EMPTY_BODY = YES;
				CLANG_WARN_ENUM_CONVERSION = YES;
				CLANG_WARN_INFINITE_RECURSION = YES;
				CLANG_WARN_INT_CONVERSION = YES;
				CLANG_WARN_NON_LITERAL_NULL_CONVERSION = YES;
				CLANG_WARN_OBJC_IMPLICIT_RETAIN_SELF = YES;
				CLANG_WARN_OBJC_LITERAL_CONVERSION = YES;
				CLANG_WARN_OBJC_ROOT_CLASS = YES_ERROR;
				CLANG_WARN_RANGE_LOOP_ANALYSIS = YES;
				CLANG_WARN_STRICT_PROTOTYPES = YES;
				CLANG_WARN_SUSPICIOUS_MOVE = YES;
				CLANG_WARN_UNGUARDED_AVAILABILITY = YES_AGGRESSIVE;
				CLANG_WARN_UNREACHABLE_CODE = YES;
				CLANG_WARN__DUPLICATE_METHOD_MATCH = YES;
				CODE_SIGN_IDENTITY = "iPhone Developer";
				COPY_PHASE_STRIP = NO;
				DEBUG_INFORMATION_FORMAT = dwarf;
				ENABLE_STRICT_OBJC_MSGSEND = YES;
				ENABLE_TESTABILITY = YES;
				GCC_C_LANGUAGE_STANDARD = gnu11;
				GCC_DYNAMIC_NO_PIC = NO;
				GCC_NO_COMMON_BLOCKS = YES;
				GCC_OPTIMIZATION_LEVEL = 0;
				GCC_PREPROCESSOR_DEFINITIONS = (
					"DEBUG=1",
					"$(inherited)",
				);
				GCC_WARN_64_TO_32_BIT_CONVERSION = YES;
				GCC_WARN_ABOUT_RETURN_TYPE = YES_ERROR;
				GCC_WARN_UNDECLARED_SELECTOR = YES;
				GCC_WARN_UNINITIALIZED_AUTOS = YES_AGGRESSIVE;
				GCC_WARN_UNUSED_FUNCTION = YES;
				GCC_WARN_UNUSED_VARIABLE = YES;
				IPHONEOS_DEPLOYMENT_TARGET = 12.4;
				MTL_ENABLE_DEBUG_INFO = INCLUDE_SOURCE;
				MTL_FAST_MATH = YES;
				ONLY_ACTIVE_ARCH = YES;
				SDKROOT = iphoneos;
				SWIFT_ACTIVE_COMPILATION_CONDITIONS = DEBUG;
				SWIFT_OPTIMIZATION_LEVEL = "-Onone";
			};
			name = Debug;
		};
		D0BFDE16248C1FFB001CACD0 /* Release */ = {
			isa = XCBuildConfiguration;
			buildSettings = {
				ALWAYS_SEARCH_USER_PATHS = NO;
				CLANG_ANALYZER_NONNULL = YES;
				CLANG_ANALYZER_NUMBER_OBJECT_CONVERSION = YES_AGGRESSIVE;
				CLANG_CXX_LANGUAGE_STANDARD = "gnu++14";
				CLANG_CXX_LIBRARY = "libc++";
				CLANG_ENABLE_MODULES = YES;
				CLANG_ENABLE_OBJC_ARC = YES;
				CLANG_ENABLE_OBJC_WEAK = YES;
				CLANG_WARN_BLOCK_CAPTURE_AUTORELEASING = YES;
				CLANG_WARN_BOOL_CONVERSION = YES;
				CLANG_WARN_COMMA = YES;
				CLANG_WARN_CONSTANT_CONVERSION = YES;
				CLANG_WARN_DEPRECATED_OBJC_IMPLEMENTATIONS = YES;
				CLANG_WARN_DIRECT_OBJC_ISA_USAGE = YES_ERROR;
				CLANG_WARN_DOCUMENTATION_COMMENTS = YES;
				CLANG_WARN_EMPTY_BODY = YES;
				CLANG_WARN_ENUM_CONVERSION = YES;
				CLANG_WARN_INFINITE_RECURSION = YES;
				CLANG_WARN_INT_CONVERSION = YES;
				CLANG_WARN_NON_LITERAL_NULL_CONVERSION = YES;
				CLANG_WARN_OBJC_IMPLICIT_RETAIN_SELF = YES;
				CLANG_WARN_OBJC_LITERAL_CONVERSION = YES;
				CLANG_WARN_OBJC_ROOT_CLASS = YES_ERROR;
				CLANG_WARN_RANGE_LOOP_ANALYSIS = YES;
				CLANG_WARN_STRICT_PROTOTYPES = YES;
				CLANG_WARN_SUSPICIOUS_MOVE = YES;
				CLANG_WARN_UNGUARDED_AVAILABILITY = YES_AGGRESSIVE;
				CLANG_WARN_UNREACHABLE_CODE = YES;
				CLANG_WARN__DUPLICATE_METHOD_MATCH = YES;
				CODE_SIGN_IDENTITY = "iPhone Developer";
				COPY_PHASE_STRIP = NO;
				DEBUG_INFORMATION_FORMAT = "dwarf-with-dsym";
				ENABLE_NS_ASSERTIONS = NO;
				ENABLE_STRICT_OBJC_MSGSEND = YES;
				GCC_C_LANGUAGE_STANDARD = gnu11;
				GCC_NO_COMMON_BLOCKS = YES;
				GCC_WARN_64_TO_32_BIT_CONVERSION = YES;
				GCC_WARN_ABOUT_RETURN_TYPE = YES_ERROR;
				GCC_WARN_UNDECLARED_SELECTOR = YES;
				GCC_WARN_UNINITIALIZED_AUTOS = YES_AGGRESSIVE;
				GCC_WARN_UNUSED_FUNCTION = YES;
				GCC_WARN_UNUSED_VARIABLE = YES;
				IPHONEOS_DEPLOYMENT_TARGET = 12.4;
				MTL_ENABLE_DEBUG_INFO = NO;
				MTL_FAST_MATH = YES;
				SDKROOT = iphoneos;
				SWIFT_COMPILATION_MODE = wholemodule;
				SWIFT_OPTIMIZATION_LEVEL = "-O";
				VALIDATE_PRODUCT = YES;
			};
			name = Release;
		};
		D0BFDE18248C1FFB001CACD0 /* Debug */ = {
			isa = XCBuildConfiguration;
			buildSettings = {
				ASSETCATALOG_COMPILER_APPICON_NAME = AppIcon;
				CODE_SIGN_STYLE = Automatic;
				DEVELOPMENT_TEAM = M66SZHU25T;
				INFOPLIST_FILE = "Order of Events/Info.plist";
				LD_RUNPATH_SEARCH_PATHS = (
					"$(inherited)",
					"@executable_path/Frameworks",
				);
				PRODUCT_BUNDLE_IDENTIFIER = "com.pretendco.Order-of-Events";
				PRODUCT_NAME = "$(TARGET_NAME)";
				SWIFT_VERSION = 5.0;
				TARGETED_DEVICE_FAMILY = "1,2";
			};
			name = Debug;
		};
		D0BFDE19248C1FFB001CACD0 /* Release */ = {
			isa = XCBuildConfiguration;
			buildSettings = {
				ASSETCATALOG_COMPILER_APPICON_NAME = AppIcon;
				CODE_SIGN_STYLE = Automatic;
				DEVELOPMENT_TEAM = M66SZHU25T;
				INFOPLIST_FILE = "Order of Events/Info.plist";
				LD_RUNPATH_SEARCH_PATHS = (
					"$(inherited)",
					"@executable_path/Frameworks",
				);
				PRODUCT_BUNDLE_IDENTIFIER = "com.pretendco.Order-of-Events";
				PRODUCT_NAME = "$(TARGET_NAME)";
				SWIFT_VERSION = 5.0;
				TARGETED_DEVICE_FAMILY = "1,2";
			};
			name = Release;
		};
/* End XCBuildConfiguration section */

/* Begin XCConfigurationList section */
		D0BFDE00248C1FEA001CACD0 /* Build configuration list for PBXProject "Order of Events" */ = {
			isa = XCConfigurationList;
			buildConfigurations = (
				D0BFDE15248C1FFB001CACD0 /* Debug */,
				D0BFDE16248C1FFB001CACD0 /* Release */,
			);
			defaultConfigurationIsVisible = 0;
			defaultConfigurationName = Release;
		};
		D0BFDE17248C1FFB001CACD0 /* Build configuration list for PBXNativeTarget "Order of Events" */ = {
			isa = XCConfigurationList;
			buildConfigurations = (
				D0BFDE18248C1FFB001CACD0 /* Debug */,
				D0BFDE19248C1FFB001CACD0 /* Release */,
			);
			defaultConfigurationIsVisible = 0;
			defaultConfigurationName = Release;
		};
/* End XCConfigurationList section */
	};
	rootObject = D0BFDDFD248C1FEA001CACD0 /* Project object */;
}
