// !$*UTF8*$!
{
	archiveVersion = 1;
	classes = {
	};
	objectVersion = 50;
	objects = {

/* Begin PBXBuildFile section */
		D0750CF5239DD340009446B6 /* AppDelegate.swift in Sources */ = {isa = PBXBuildFile; fileRef = D0750CF4239DD340009446B6 /* AppDelegate.swift */; };
		D0750CF7239DD340009446B6 /* SceneDelegate.swift in Sources */ = {isa = PBXBuildFile; fileRef = D0750CF6239DD340009446B6 /* SceneDelegate.swift */; };
		D0750CF9239DD340009446B6 /* ViewController.swift in Sources */ = {isa = PBXBuildFile; fileRef = D0750CF8239DD340009446B6 /* ViewController.swift */; };
		D0750CFC239DD340009446B6 /* Main.storyboard in Resources */ = {isa = PBXBuildFile; fileRef = D0750CFA239DD340009446B6 /* Main.storyboard */; };
		D0750CFE239DD347009446B6 /* Assets.xcassets in Resources */ = {isa = PBXBuildFile; fileRef = D0750CFD239DD347009446B6 /* Assets.xcassets */; };
		D0750D01239DD347009446B6 /* LaunchScreen.storyboard in Resources */ = {isa = PBXBuildFile; fileRef = D0750CFF239DD347009446B6 /* LaunchScreen.storyboard */; };
		D0750D0C239DD348009446B6 /* LightTests.swift in Sources */ = {isa = PBXBuildFile; fileRef = D0750D0B239DD348009446B6 /* LightTests.swift */; };
		D0750D17239DD348009446B6 /* LightUITests.swift in Sources */ = {isa = PBXBuildFile; fileRef = D0750D16239DD348009446B6 /* LightUITests.swift */; };
/* End PBXBuildFile section */

/* Begin PBXContainerItemProxy section */
		D0750D08239DD348009446B6 /* PBXContainerItemProxy */ = {
			isa = PBXContainerItemProxy;
			containerPortal = D0750CE9239DD340009446B6 /* Project object */;
			proxyType = 1;
			remoteGlobalIDString = D0750CF0239DD340009446B6;
			remoteInfo = Light;
		};
		D0750D13239DD348009446B6 /* PBXContainerItemProxy */ = {
			isa = PBXContainerItemProxy;
			containerPortal = D0750CE9239DD340009446B6 /* Project object */;
			proxyType = 1;
			remoteGlobalIDString = D0750CF0239DD340009446B6;
			remoteInfo = Light;
		};
/* End PBXContainerItemProxy section */

/* Begin PBXFileReference section */
		D0750CF1239DD340009446B6 /* Light.app */ = {isa = PBXFileReference; explicitFileType = wrapper.application; includeInIndex = 0; path = Light.app; sourceTree = BUILT_PRODUCTS_DIR; };
		D0750CF4239DD340009446B6 /* AppDelegate.swift */ = {isa = PBXFileReference; lastKnownFileType = sourcecode.swift; path = AppDelegate.swift; sourceTree = "<group>"; };
		D0750CF6239DD340009446B6 /* SceneDelegate.swift */ = {isa = PBXFileReference; lastKnownFileType = sourcecode.swift; path = SceneDelegate.swift; sourceTree = "<group>"; };
		D0750CF8239DD340009446B6 /* ViewController.swift */ = {isa = PBXFileReference; lastKnownFileType = sourcecode.swift; path = ViewController.swift; sourceTree = "<group>"; };
		D0750CFB239DD340009446B6 /* Base */ = {isa = PBXFileReference; lastKnownFileType = file.storyboard; name = Base; path = Base.lproj/Main.storyboard; sourceTree = "<group>"; };
		D0750CFD239DD347009446B6 /* Assets.xcassets */ = {isa = PBXFileReference; lastKnownFileType = folder.assetcatalog; path = Assets.xcassets; sourceTree = "<group>"; };
		D0750D00239DD347009446B6 /* Base */ = {isa = PBXFileReference; lastKnownFileType = file.storyboard; name = Base; path = Base.lproj/LaunchScreen.storyboard; sourceTree = "<group>"; };
		D0750D02239DD347009446B6 /* Info.plist */ = {isa = PBXFileReference; lastKnownFileType = text.plist.xml; path = Info.plist; sourceTree = "<group>"; };
		D0750D07239DD348009446B6 /* LightTests.xctest */ = {isa = PBXFileReference; explicitFileType = wrapper.cfbundle; includeInIndex = 0; path = LightTests.xctest; sourceTree = BUILT_PRODUCTS_DIR; };
		D0750D0B239DD348009446B6 /* LightTests.swift */ = {isa = PBXFileReference; lastKnownFileType = sourcecode.swift; path = LightTests.swift; sourceTree = "<group>"; };
		D0750D0D239DD348009446B6 /* Info.plist */ = {isa = PBXFileReference; lastKnownFileType = text.plist.xml; path = Info.plist; sourceTree = "<group>"; };
		D0750D12239DD348009446B6 /* LightUITests.xctest */ = {isa = PBXFileReference; explicitFileType = wrapper.cfbundle; includeInIndex = 0; path = LightUITests.xctest; sourceTree = BUILT_PRODUCTS_DIR; };
		D0750D16239DD348009446B6 /* LightUITests.swift */ = {isa = PBXFileReference; lastKnownFileType = sourcecode.swift; path = LightUITests.swift; sourceTree = "<group>"; };
		D0750D18239DD348009446B6 /* Info.plist */ = {isa = PBXFileReference; lastKnownFileType = text.plist.xml; path = Info.plist; sourceTree = "<group>"; };
/* End PBXFileReference section */

/* Begin PBXFrameworksBuildPhase section */
		D0750CEE239DD340009446B6 /* Frameworks */ = {
			isa = PBXFrameworksBuildPhase;
			buildActionMask = 2147483647;
			files = (
			);
			runOnlyForDeploymentPostprocessing = 0;
		};
		D0750D04239DD348009446B6 /* Frameworks */ = {
			isa = PBXFrameworksBuildPhase;
			buildActionMask = 2147483647;
			files = (
			);
			runOnlyForDeploymentPostprocessing = 0;
		};
		D0750D0F239DD348009446B6 /* Frameworks */ = {
			isa = PBXFrameworksBuildPhase;
			buildActionMask = 2147483647;
			files = (
			);
			runOnlyForDeploymentPostprocessing = 0;
		};
/* End PBXFrameworksBuildPhase section */

/* Begin PBXGroup section */
		D0750CE8239DD340009446B6 = {
			isa = PBXGroup;
			children = (
				D0750CF3239DD340009446B6 /* Light */,
				D0750D0A239DD348009446B6 /* LightTests */,
				D0750D15239DD348009446B6 /* LightUITests */,
				D0750CF2239DD340009446B6 /* Products */,
			);
			sourceTree = "<group>";
		};
		D0750CF2239DD340009446B6 /* Products */ = {
			isa = PBXGroup;
			children = (
				D0750CF1239DD340009446B6 /* Light.app */,
				D0750D07239DD348009446B6 /* LightTests.xctest */,
				D0750D12239DD348009446B6 /* LightUITests.xctest */,
			);
			name = Products;
			sourceTree = "<group>";
		};
		D0750CF3239DD340009446B6 /* Light */ = {
			isa = PBXGroup;
			children = (
				D0750CF4239DD340009446B6 /* AppDelegate.swift */,
				D0750CF6239DD340009446B6 /* SceneDelegate.swift */,
				D0750CF8239DD340009446B6 /* ViewController.swift */,
				D0750CFA239DD340009446B6 /* Main.storyboard */,
				D0750CFD239DD347009446B6 /* Assets.xcassets */,
				D0750CFF239DD347009446B6 /* LaunchScreen.storyboard */,
				D0750D02239DD347009446B6 /* Info.plist */,
			);
			path = Light;
			sourceTree = "<group>";
		};
		D0750D0A239DD348009446B6 /* LightTests */ = {
			isa = PBXGroup;
			children = (
				D0750D0B239DD348009446B6 /* LightTests.swift */,
				D0750D0D239DD348009446B6 /* Info.plist */,
			);
			path = LightTests;
			sourceTree = "<group>";
		};
		D0750D15239DD348009446B6 /* LightUITests */ = {
			isa = PBXGroup;
			children = (
				D0750D16239DD348009446B6 /* LightUITests.swift */,
				D0750D18239DD348009446B6 /* Info.plist */,
			);
			path = LightUITests;
			sourceTree = "<group>";
		};
/* End PBXGroup section */

/* Begin PBXNativeTarget section */
		D0750CF0239DD340009446B6 /* Light */ = {
			isa = PBXNativeTarget;
			buildConfigurationList = D0750D1B239DD348009446B6 /* Build configuration list for PBXNativeTarget "Light" */;
			buildPhases = (
				D0750CED239DD340009446B6 /* Sources */,
				D0750CEE239DD340009446B6 /* Frameworks */,
				D0750CEF239DD340009446B6 /* Resources */,
			);
			buildRules = (
			);
			dependencies = (
			);
			name = Light;
			productName = Light;
			productReference = D0750CF1239DD340009446B6 /* Light.app */;
			productType = "com.apple.product-type.application";
		};
		D0750D06239DD348009446B6 /* LightTests */ = {
			isa = PBXNativeTarget;
			buildConfigurationList = D0750D1E239DD348009446B6 /* Build configuration list for PBXNativeTarget "LightTests" */;
			buildPhases = (
				D0750D03239DD348009446B6 /* Sources */,
				D0750D04239DD348009446B6 /* Frameworks */,
				D0750D05239DD348009446B6 /* Resources */,
			);
			buildRules = (
			);
			dependencies = (
				D0750D09239DD348009446B6 /* PBXTargetDependency */,
			);
			name = LightTests;
			productName = LightTests;
			productReference = D0750D07239DD348009446B6 /* LightTests.xctest */;
			productType = "com.apple.product-type.bundle.unit-test";
		};
		D0750D11239DD348009446B6 /* LightUITests */ = {
			isa = PBXNativeTarget;
			buildConfigurationList = D0750D21239DD348009446B6 /* Build configuration list for PBXNativeTarget "LightUITests" */;
			buildPhases = (
				D0750D0E239DD348009446B6 /* Sources */,
				D0750D0F239DD348009446B6 /* Frameworks */,
				D0750D10239DD348009446B6 /* Resources */,
			);
			buildRules = (
			);
			dependencies = (
				D0750D14239DD348009446B6 /* PBXTargetDependency */,
			);
			name = LightUITests;
			productName = LightUITests;
			productReference = D0750D12239DD348009446B6 /* LightUITests.xctest */;
			productType = "com.apple.product-type.bundle.ui-testing";
		};
/* End PBXNativeTarget section */

/* Begin PBXProject section */
		D0750CE9239DD340009446B6 /* Project object */ = {
			isa = PBXProject;
			attributes = {
				LastSwiftUpdateCheck = 1120;
				LastUpgradeCheck = 1120;
				ORGANIZATIONNAME = PretendCo;
				TargetAttributes = {
					D0750CF0239DD340009446B6 = {
						CreatedOnToolsVersion = 11.2.1;
					};
					D0750D06239DD348009446B6 = {
						CreatedOnToolsVersion = 11.2.1;
						TestTargetID = D0750CF0239DD340009446B6;
					};
					D0750D11239DD348009446B6 = {
						CreatedOnToolsVersion = 11.2.1;
						TestTargetID = D0750CF0239DD340009446B6;
					};
				};
			};
			buildConfigurationList = D0750CEC239DD340009446B6 /* Build configuration list for PBXProject "Light" */;
			compatibilityVersion = "Xcode 9.3";
			developmentRegion = en;
			hasScannedForEncodings = 0;
			knownRegions = (
				en,
				Base,
			);
			mainGroup = D0750CE8239DD340009446B6;
			productRefGroup = D0750CF2239DD340009446B6 /* Products */;
			projectDirPath = "";
			projectRoot = "";
			targets = (
				D0750CF0239DD340009446B6 /* Light */,
				D0750D06239DD348009446B6 /* LightTests */,
				D0750D11239DD348009446B6 /* LightUITests */,
			);
		};
/* End PBXProject section */

/* Begin PBXResourcesBuildPhase section */
		D0750CEF239DD340009446B6 /* Resources */ = {
			isa = PBXResourcesBuildPhase;
			buildActionMask = 2147483647;
			files = (
				D0750D01239DD347009446B6 /* LaunchScreen.storyboard in Resources */,
				D0750CFE239DD347009446B6 /* Assets.xcassets in Resources */,
				D0750CFC239DD340009446B6 /* Main.storyboard in Resources */,
			);
			runOnlyForDeploymentPostprocessing = 0;
		};
		D0750D05239DD348009446B6 /* Resources */ = {
			isa = PBXResourcesBuildPhase;
			buildActionMask = 2147483647;
			files = (
			);
			runOnlyForDeploymentPostprocessing = 0;
		};
		D0750D10239DD348009446B6 /* Resources */ = {
			isa = PBXResourcesBuildPhase;
			buildActionMask = 2147483647;
			files = (
			);
			runOnlyForDeploymentPostprocessing = 0;
		};
/* End PBXResourcesBuildPhase section */

/* Begin PBXSourcesBuildPhase section */
		D0750CED239DD340009446B6 /* Sources */ = {
			isa = PBXSourcesBuildPhase;
			buildActionMask = 2147483647;
			files = (
				D0750CF9239DD340009446B6 /* ViewController.swift in Sources */,
				D0750CF5239DD340009446B6 /* AppDelegate.swift in Sources */,
				D0750CF7239DD340009446B6 /* SceneDelegate.swift in Sources */,
			);
			runOnlyForDeploymentPostprocessing = 0;
		};
		D0750D03239DD348009446B6 /* Sources */ = {
			isa = PBXSourcesBuildPhase;
			buildActionMask = 2147483647;
			files = (
				D0750D0C239DD348009446B6 /* LightTests.swift in Sources */,
			);
			runOnlyForDeploymentPostprocessing = 0;
		};
		D0750D0E239DD348009446B6 /* Sources */ = {
			isa = PBXSourcesBuildPhase;
			buildActionMask = 2147483647;
			files = (
				D0750D17239DD348009446B6 /* LightUITests.swift in Sources */,
			);
			runOnlyForDeploymentPostprocessing = 0;
		};
/* End PBXSourcesBuildPhase section */

/* Begin PBXTargetDependency section */
		D0750D09239DD348009446B6 /* PBXTargetDependency */ = {
			isa = PBXTargetDependency;
			target = D0750CF0239DD340009446B6 /* Light */;
			targetProxy = D0750D08239DD348009446B6 /* PBXContainerItemProxy */;
		};
		D0750D14239DD348009446B6 /* PBXTargetDependency */ = {
			isa = PBXTargetDependency;
			target = D0750CF0239DD340009446B6 /* Light */;
			targetProxy = D0750D13239DD348009446B6 /* PBXContainerItemProxy */;
		};
/* End PBXTargetDependency section */

/* Begin PBXVariantGroup section */
		D0750CFA239DD340009446B6 /* Main.storyboard */ = {
			isa = PBXVariantGroup;
			children = (
				D0750CFB239DD340009446B6 /* Base */,
			);
			name = Main.storyboard;
			sourceTree = "<group>";
		};
		D0750CFF239DD347009446B6 /* LaunchScreen.storyboard */ = {
			isa = PBXVariantGroup;
			children = (
				D0750D00239DD347009446B6 /* Base */,
			);
			name = LaunchScreen.storyboard;
			sourceTree = "<group>";
		};
/* End PBXVariantGroup section */

/* Begin XCBuildConfiguration section */
		D0750D19239DD348009446B6 /* Debug */ = {
			isa = XCBuildConfiguration;
			buildSettings = {
				ALWAYS_SEARCH_USER_PATHS = NO;
				CLANG_ANALYZER_NONNULL = YES;
				CLANG_ANALYZER_NUMBER_OBJECT_CONVERSION = YES_AGGRESSIVE;
				CLANG_CXX_LANGUAGE_STANDARD = "gnu++14";
				CLANG_CXX_LIBRARY = "libc++";
				CLANG_ENABLE_MODULES = YES;
				CLANG_ENABLE_OBJC_ARC = YES;
				CLANG_ENABLE_OBJC_WEAK = YES;
				CLANG_WARN_BLOCK_CAPTURE_AUTORELEASING = YES;
				CLANG_WARN_BOOL_CONVERSION = YES;
				CLANG_WARN_COMMA = YES;
				CLANG_WARN_CONSTANT_CONVERSION = YES;
				CLANG_WARN_DEPRECATED_OBJC_IMPLEMENTATIONS = YES;
				CLANG_WARN_DIRECT_OBJC_ISA_USAGE = YES_ERROR;
				CLANG_WARN_DOCUMENTATION_COMMENTS = YES;
				CLANG_WARN_EMPTY_BODY = YES;
				CLANG_WARN_ENUM_CONVERSION = YES;
				CLANG_WARN_INFINITE_RECURSION = YES;
				CLANG_WARN_INT_CONVERSION = YES;
				CLANG_WARN_NON_LITERAL_NULL_CONVERSION = YES;
				CLANG_WARN_OBJC_IMPLICIT_RETAIN_SELF = YES;
				CLANG_WARN_OBJC_LITERAL_CONVERSION = YES;
				CLANG_WARN_OBJC_ROOT_CLASS = YES_ERROR;
				CLANG_WARN_RANGE_LOOP_ANALYSIS = YES;
				CLANG_WARN_STRICT_PROTOTYPES = YES;
				CLANG_WARN_SUSPICIOUS_MOVE = YES;
				CLANG_WARN_UNGUARDED_AVAILABILITY = YES_AGGRESSIVE;
				CLANG_WARN_UNREACHABLE_CODE = YES;
				CLANG_WARN__DUPLICATE_METHOD_MATCH = YES;
				COPY_PHASE_STRIP = NO;
				DEBUG_INFORMATION_FORMAT = dwarf;
				ENABLE_STRICT_OBJC_MSGSEND = YES;
				ENABLE_TESTABILITY = YES;
				GCC_C_LANGUAGE_STANDARD = gnu11;
				GCC_DYNAMIC_NO_PIC = NO;
				GCC_NO_COMMON_BLOCKS = YES;
				GCC_OPTIMIZATION_LEVEL = 0;
				GCC_PREPROCESSOR_DEFINITIONS = (
					"DEBUG=1",
					"$(inherited)",
				);
				GCC_WARN_64_TO_32_BIT_CONVERSION = YES;
				GCC_WARN_ABOUT_RETURN_TYPE = YES_ERROR;
				GCC_WARN_UNDECLARED_SELECTOR = YES;
				GCC_WARN_UNINITIALIZED_AUTOS = YES_AGGRESSIVE;
				GCC_WARN_UNUSED_FUNCTION = YES;
				GCC_WARN_UNUSED_VARIABLE = YES;
				IPHONEOS_DEPLOYMENT_TARGET = 13.2;
				MTL_ENABLE_DEBUG_INFO = INCLUDE_SOURCE;
				MTL_FAST_MATH = YES;
				ONLY_ACTIVE_ARCH = YES;
				SDKROOT = iphoneos;
				SWIFT_ACTIVE_COMPILATION_CONDITIONS = DEBUG;
				SWIFT_OPTIMIZATION_LEVEL = "-Onone";
			};
			name = Debug;
		};
		D0750D1A239DD348009446B6 /* Release */ = {
			isa = XCBuildConfiguration;
			buildSettings = {
				ALWAYS_SEARCH_USER_PATHS = NO;
				CLANG_ANALYZER_NONNULL = YES;
				CLANG_ANALYZER_NUMBER_OBJECT_CONVERSION = YES_AGGRESSIVE;
				CLANG_CXX_LANGUAGE_STANDARD = "gnu++14";
				CLANG_CXX_LIBRARY = "libc++";
				CLANG_ENABLE_MODULES = YES;
				CLANG_ENABLE_OBJC_ARC = YES;
				CLANG_ENABLE_OBJC_WEAK = YES;
				CLANG_WARN_BLOCK_CAPTURE_AUTORELEASING = YES;
				CLANG_WARN_BOOL_CONVERSION = YES;
				CLANG_WARN_COMMA = YES;
				CLANG_WARN_CONSTANT_CONVERSION = YES;
				CLANG_WARN_DEPRECATED_OBJC_IMPLEMENTATIONS = YES;
				CLANG_WARN_DIRECT_OBJC_ISA_USAGE = YES_ERROR;
				CLANG_WARN_DOCUMENTATION_COMMENTS = YES;
				CLANG_WARN_EMPTY_BODY = YES;
				CLANG_WARN_ENUM_CONVERSION = YES;
				CLANG_WARN_INFINITE_RECURSION = YES;
				CLANG_WARN_INT_CONVERSION = YES;
				CLANG_WARN_NON_LITERAL_NULL_CONVERSION = YES;
				CLANG_WARN_OBJC_IMPLICIT_RETAIN_SELF = YES;
				CLANG_WARN_OBJC_LITERAL_CONVERSION = YES;
				CLANG_WARN_OBJC_ROOT_CLASS = YES_ERROR;
				CLANG_WARN_RANGE_LOOP_ANALYSIS = YES;
				CLANG_WARN_STRICT_PROTOTYPES = YES;
				CLANG_WARN_SUSPICIOUS_MOVE = YES;
				CLANG_WARN_UNGUARDED_AVAILABILITY = YES_AGGRESSIVE;
				CLANG_WARN_UNREACHABLE_CODE = YES;
				CLANG_WARN__DUPLICATE_METHOD_MATCH = YES;
				COPY_PHASE_STRIP = NO;
				DEBUG_INFORMATION_FORMAT = "dwarf-with-dsym";
				ENABLE_NS_ASSERTIONS = NO;
				ENABLE_STRICT_OBJC_MSGSEND = YES;
				GCC_C_LANGUAGE_STANDARD = gnu11;
				GCC_NO_COMMON_BLOCKS = YES;
				GCC_WARN_64_TO_32_BIT_CONVERSION = YES;
				GCC_WARN_ABOUT_RETURN_TYPE = YES_ERROR;
				GCC_WARN_UNDECLARED_SELECTOR = YES;
				GCC_WARN_UNINITIALIZED_AUTOS = YES_AGGRESSIVE;
				GCC_WARN_UNUSED_FUNCTION = YES;
				GCC_WARN_UNUSED_VARIABLE = YES;
				IPHONEOS_DEPLOYMENT_TARGET = 13.2;
				MTL_ENABLE_DEBUG_INFO = NO;
				MTL_FAST_MATH = YES;
				SDKROOT = iphoneos;
				SWIFT_COMPILATION_MODE = wholemodule;
				SWIFT_OPTIMIZATION_LEVEL = "-O";
				VALIDATE_PRODUCT = YES;
			};
			name = Release;
		};
		D0750D1C239DD348009446B6 /* Debug */ = {
			isa = XCBuildConfiguration;
			buildSettings = {
				ASSETCATALOG_COMPILER_APPICON_NAME = AppIcon;
				CODE_SIGN_STYLE = Automatic;
				INFOPLIST_FILE = Light/Info.plist;
				LD_RUNPATH_SEARCH_PATHS = (
					"$(inherited)",
					"@executable_path/Frameworks",
				);
				PRODUCT_BUNDLE_IDENTIFIER = com.pretendco.Light;
				PRODUCT_NAME = "$(TARGET_NAME)";
				SWIFT_VERSION = 5.0;
				TARGETED_DEVICE_FAMILY = "1,2";
			};
			name = Debug;
		};
		D0750D1D239DD348009446B6 /* Release */ = {
			isa = XCBuildConfiguration;
			buildSettings = {
				ASSETCATALOG_COMPILER_APPICON_NAME = AppIcon;
				CODE_SIGN_STYLE = Automatic;
				INFOPLIST_FILE = Light/Info.plist;
				LD_RUNPATH_SEARCH_PATHS = (
					"$(inherited)",
					"@executable_path/Frameworks",
				);
				PRODUCT_BUNDLE_IDENTIFIER = com.pretendco.Light;
				PRODUCT_NAME = "$(TARGET_NAME)";
				SWIFT_VERSION = 5.0;
				TARGETED_DEVICE_FAMILY = "1,2";
			};
			name = Release;
		};
		D0750D1F239DD348009446B6 /* Debug */ = {
			isa = XCBuildConfiguration;
			buildSettings = {
				ALWAYS_EMBED_SWIFT_STANDARD_LIBRARIES = YES;
				BUNDLE_LOADER = "$(TEST_HOST)";
				CODE_SIGN_STYLE = Automatic;
				INFOPLIST_FILE = LightTests/Info.plist;
				IPHONEOS_DEPLOYMENT_TARGET = 13.2;
				LD_RUNPATH_SEARCH_PATHS = (
					"$(inherited)",
					"@executable_path/Frameworks",
					"@loader_path/Frameworks",
				);
				PRODUCT_BUNDLE_IDENTIFIER = com.pretendco.LightTests;
				PRODUCT_NAME = "$(TARGET_NAME)";
				SWIFT_VERSION = 5.0;
				TARGETED_DEVICE_FAMILY = "1,2";
				TEST_HOST = "$(BUILT_PRODUCTS_DIR)/Light.app/Light";
			};
			name = Debug;
		};
		D0750D20239DD348009446B6 /* Release */ = {
			isa = XCBuildConfiguration;
			buildSettings = {
				ALWAYS_EMBED_SWIFT_STANDARD_LIBRARIES = YES;
				BUNDLE_LOADER = "$(TEST_HOST)";
				CODE_SIGN_STYLE = Automatic;
				INFOPLIST_FILE = LightTests/Info.plist;
				IPHONEOS_DEPLOYMENT_TARGET = 13.2;
				LD_RUNPATH_SEARCH_PATHS = (
					"$(inherited)",
					"@executable_path/Frameworks",
					"@loader_path/Frameworks",
				);
				PRODUCT_BUNDLE_IDENTIFIER = com.pretendco.LightTests;
				PRODUCT_NAME = "$(TARGET_NAME)";
				SWIFT_VERSION = 5.0;
				TARGETED_DEVICE_FAMILY = "1,2";
				TEST_HOST = "$(BUILT_PRODUCTS_DIR)/Light.app/Light";
			};
			name = Release;
		};
		D0750D22239DD348009446B6 /* Debug */ = {
			isa = XCBuildConfiguration;
			buildSettings = {
				ALWAYS_EMBED_SWIFT_STANDARD_LIBRARIES = YES;
				CODE_SIGN_STYLE = Automatic;
				INFOPLIST_FILE = LightUITests/Info.plist;
				LD_RUNPATH_SEARCH_PATHS = (
					"$(inherited)",
					"@executable_path/Frameworks",
					"@loader_path/Frameworks",
				);
				PRODUCT_BUNDLE_IDENTIFIER = com.pretendco.LightUITests;
				PRODUCT_NAME = "$(TARGET_NAME)";
				SWIFT_VERSION = 5.0;
				TARGETED_DEVICE_FAMILY = "1,2";
				TEST_TARGET_NAME = Light;
			};
			name = Debug;
		};
		D0750D23239DD348009446B6 /* Release */ = {
			isa = XCBuildConfiguration;
			buildSettings = {
				ALWAYS_EMBED_SWIFT_STANDARD_LIBRARIES = YES;
				CODE_SIGN_STYLE = Automatic;
				INFOPLIST_FILE = LightUITests/Info.plist;
				LD_RUNPATH_SEARCH_PATHS = (
					"$(inherited)",
					"@executable_path/Frameworks",
					"@loader_path/Frameworks",
				);
				PRODUCT_BUNDLE_IDENTIFIER = com.pretendco.LightUITests;
				PRODUCT_NAME = "$(TARGET_NAME)";
				SWIFT_VERSION = 5.0;
				TARGETED_DEVICE_FAMILY = "1,2";
				TEST_TARGET_NAME = Light;
			};
			name = Release;
		};
/* End XCBuildConfiguration section */

/* Begin XCConfigurationList section */
		D0750CEC239DD340009446B6 /* Build configuration list for PBXProject "Light" */ = {
			isa = XCConfigurationList;
			buildConfigurations = (
				D0750D19239DD348009446B6 /* Debug */,
				D0750D1A239DD348009446B6 /* Release */,
			);
			defaultConfigurationIsVisible = 0;
			defaultConfigurationName = Release;
		};
		D0750D1B239DD348009446B6 /* Build configuration list for PBXNativeTarget "Light" */ = {
			isa = XCConfigurationList;
			buildConfigurations = (
				D0750D1C239DD348009446B6 /* Debug */,
				D0750D1D239DD348009446B6 /* Release */,
			);
			defaultConfigurationIsVisible = 0;
			defaultConfigurationName = Release;
		};
		D0750D1E239DD348009446B6 /* Build configuration list for PBXNativeTarget "LightTests" */ = {
			isa = XCConfigurationList;
			buildConfigurations = (
				D0750D1F239DD348009446B6 /* Debug */,
				D0750D20239DD348009446B6 /* Release */,
			);
			defaultConfigurationIsVisible = 0;
			defaultConfigurationName = Release;
		};
		D0750D21239DD348009446B6 /* Build configuration list for PBXNativeTarget "LightUITests" */ = {
			isa = XCConfigurationList;
			buildConfigurations = (
				D0750D22239DD348009446B6 /* Debug */,
				D0750D23239DD348009446B6 /* Release */,
			);
			defaultConfigurationIsVisible = 0;
			defaultConfigurationName = Release;
		};
/* End XCConfigurationList section */
	};
	rootObject = D0750CE9239DD340009446B6 /* Project object */;
}
